
Microsoft Visual Studio Solution File, Format Version 12.00
# Visual Studio Version 17
VisualStudioVersion = 17.9.34701.34
MinimumVisualStudioVersion = 10.0.40219.1
Project("{FAE04EC0-301F-11D3-BF4B-00C04F79EFBC}") = "FastFoodPOS", "FastFoodPOS.csproj", "{1A28A72D-4640-4C82-9A31-63D62CF5094D}"
EndProject
Project("{2150E333-8FDC-42A3-9474-1A3956D46DE8}") = "Solution Items", "Solution Items", "{EEE090CA-60A8-4030-8E61-F35BFC15C9EA}"
EndProject
Global
	GlobalSection(SolutionConfigurationPlatforms) = preSolution
		Debug|Any CPU = Debug|Any CPU
		Release|Any CPU = Release|Any CPU
	EndGlobalSection
	GlobalSection(ProjectConfigurationPlatforms) = postSolution
		{1A28A72D-4640-4C82-9A31-63D62CF5094D}.Debug|Any CPU.ActiveCfg = Debug|Any CPU
		{1A28A72D-4640-4C82-9A31-63D62CF5094D}.Debug|Any CPU.Build.0 = Debug|Any CPU
		{1A28A72D-4640-4C82-9A31-63D62CF5094D}.Release|Any CPU.ActiveCfg = Release|Any CPU
		{1A28A72D-4640-4C82-9A31-63D62CF5094D}.Release|Any CPU.Build.0 = Release|Any CPU
	EndGlobalSection
	GlobalSection(SolutionProperties) = preSolution
		HideSolutionNode = FALSE
	EndGlobalSection
	GlobalSection(ExtensibilityGlobals) = postSolution
		SolutionGuid = {AA767B6B-D358-4AC5-B436-FFD2A447E8A7}
	EndGlobalSection
EndGlobal
